
Microsoft Visual Studio Solution File, Format Version 12.00
# Visual Studio Version 17
VisualStudioVersion = 17.3.32901.215
MinimumVisualStudioVersion = 10.0.40219.1
Project("{FAE04EC0-301F-11D3-BF4B-00C04F79EFBC}") = "SecureLogin", "SecureLogin\SecureLogin.csproj", "{35729787-1384-48EE-93B8-4DE20EABCB07}"
EndProject
Global
	GlobalSection(SolutionConfigurationPlatforms) = preSolution
		Debug|Any CPU = Debug|Any CPU
		Release|Any CPU = Release|Any CPU
	EndGlobalSection
	GlobalSection(ProjectConfigurationPlatforms) = postSolution
		{35729787-1384-48EE-93B8-4DE20EABCB07}.Debug|Any CPU.ActiveCfg = Debug|Any CPU
		{35729787-1384-48EE-93B8-4DE20EABCB07}.Debug|Any CPU.Build.0 = Debug|Any CPU
		{35729787-1384-48EE-93B8-4DE20EABCB07}.Release|Any CPU.ActiveCfg = Release|Any CPU
		{35729787-1384-48EE-93B8-4DE20EABCB07}.Release|Any CPU.Build.0 = Release|Any CPU
	EndGlobalSection
	GlobalSection(SolutionProperties) = preSolution
		HideSolutionNode = FALSE
	EndGlobalSection
	GlobalSection(ExtensibilityGlobals) = postSolution
		SolutionGuid = {634C99DF-FBEE-47DA-B04E-EBC85EFE13D8}
	EndGlobalSection
EndGlobal
